
Microsoft Visual Studio Solution File, Format Version 12.00
# Visual Studio 15
VisualStudioVersion = 15.0.27703.2000
MinimumVisualStudioVersion = 10.0.40219.1
Project("{8BC9CEB8-8B4A-11D0-8D11-00A0C91BC942}") = "OthelloBackend", "OthelloBackend\OthelloBackend.vcxproj", "{608C94D2-C86F-4B3E-B68A-F479B3721C4C}"
EndProject
Global
	GlobalSection(SolutionConfigurationPlatforms) = preSolution
		Debug|x64 = Debug|x64
		Debug|x86 = Debug|x86
		Release|x64 = Release|x64
		Release|x86 = Release|x86
	EndGlobalSection
	GlobalSection(ProjectConfigurationPlatforms) = postSolution
		{608C94D2-C86F-4B3E-B68A-F479B3721C4C}.Debug|x64.ActiveCfg = Debug|x64
		{608C94D2-C86F-4B3E-B68A-F479B3721C4C}.Debug|x64.Build.0 = Debug|x64
		{608C94D2-C86F-4B3E-B68A-F479B3721C4C}.Debug|x86.ActiveCfg = Debug|Win32
		{608C94D2-C86F-4B3E-B68A-F479B3721C4C}.Debug|x86.Build.0 = Debug|Win32
		{608C94D2-C86F-4B3E-B68A-F479B3721C4C}.Release|x64.ActiveCfg = Release|x64
		{608C94D2-C86F-4B3E-B68A-F479B3721C4C}.Release|x64.Build.0 = Release|x64
		{608C94D2-C86F-4B3E-B68A-F479B3721C4C}.Release|x86.ActiveCfg = Release|Win32
		{608C94D2-C86F-4B3E-B68A-F479B3721C4C}.Release|x86.Build.0 = Release|Win32
	EndGlobalSection
	GlobalSection(SolutionProperties) = preSolution
		HideSolutionNode = FALSE
	EndGlobalSection
	GlobalSection(ExtensibilityGlobals) = postSolution
		SolutionGuid = {624ECCF0-5AC5-4FC9-B08A-03841E5335E5}
	EndGlobalSection
EndGlobal
