
Microsoft Visual Studio Solution File, Format Version 12.00
# Visual Studio 15
VisualStudioVersion = 15.0.27703.2000
MinimumVisualStudioVersion = 10.0.40219.1
Project("{8BC9CEB8-8B4A-11D0-8D11-00A0C91BC942}") = "GraphicsEngineTest", "GraphicsEngineTest\GraphicsEngineTest.vcxproj", "{A4820016-AECA-4C13-8E0C-C1E787BF0605}"
EndProject
Global
	GlobalSection(SolutionConfigurationPlatforms) = preSolution
		Debug|x64 = Debug|x64
		Debug|x86 = Debug|x86
		Release|x64 = Release|x64
		Release|x86 = Release|x86
	EndGlobalSection
	GlobalSection(ProjectConfigurationPlatforms) = postSolution
		{A4820016-AECA-4C13-8E0C-C1E787BF0605}.Debug|x64.ActiveCfg = Debug|x64
		{A4820016-AECA-4C13-8E0C-C1E787BF0605}.Debug|x64.Build.0 = Debug|x64
		{A4820016-AECA-4C13-8E0C-C1E787BF0605}.Debug|x86.ActiveCfg = Debug|Win32
		{A4820016-AECA-4C13-8E0C-C1E787BF0605}.Debug|x86.Build.0 = Debug|Win32
		{A4820016-AECA-4C13-8E0C-C1E787BF0605}.Release|x64.ActiveCfg = Release|x64
		{A4820016-AECA-4C13-8E0C-C1E787BF0605}.Release|x64.Build.0 = Release|x64
		{A4820016-AECA-4C13-8E0C-C1E787BF0605}.Release|x86.ActiveCfg = Release|Win32
		{A4820016-AECA-4C13-8E0C-C1E787BF0605}.Release|x86.Build.0 = Release|Win32
	EndGlobalSection
	GlobalSection(SolutionProperties) = preSolution
		HideSolutionNode = FALSE
	EndGlobalSection
	GlobalSection(ExtensibilityGlobals) = postSolution
		SolutionGuid = {BAF3F3D5-93C9-4DA8-A938-41CE5A314AB8}
	EndGlobalSection
EndGlobal
